
Microsoft Visual Studio Solution File, Format Version 12.00
# Visual Studio Version 16
VisualStudioVersion = 16.0.29509.3
MinimumVisualStudioVersion = 10.0.40219.1
Project("{2150E333-8FDC-42A3-9474-1A3956D46DE8}") = "FullStackJobs.AuthServer", "FullStackJobs.AuthServer", "{4AD61EC0-54CA-4FDC-A10C-BE8415EEDE65}"
EndProject
Global
	GlobalSection(SolutionProperties) = preSolution
		HideSolutionNode = FALSE
	EndGlobalSection
	GlobalSection(ExtensibilityGlobals) = postSolution
		SolutionGuid = {9B6B6E58-100E-4F42-A015-9D70BC0F256F}
	EndGlobalSection
EndGlobal
