
Microsoft Visual Studio Solution File, Format Version 12.00
# Visual Studio Version 16
VisualStudioVersion = 16.0.29509.3
MinimumVisualStudioVersion = 10.0.40219.1
Project("{9A19103F-16F7-4668-BE54-9A1E7A4F7556}") = "FullStackJobs.AuthServer", "FullStackJobs.AuthServer\FullStackJobs.AuthServer.csproj", "{39307F83-0E93-47B6-A846-EAFBFB66AC4B}"
EndProject
Project("{FAE04EC0-301F-11D3-BF4B-00C04F79EFBC}") = "FullStackJobs.AuthServer.Infrastructure", "FullStackJobs.AuthServer.Infrastructure\FullStackJobs.AuthServer.Infrastructure.csproj", "{A1792B69-7AC1-4B83-AB6C-3DAD4FC69C90}"
EndProject
Global
	GlobalSection(SolutionConfigurationPlatforms) = preSolution
		Debug|Any CPU = Debug|Any CPU
		Release|Any CPU = Release|Any CPU
	EndGlobalSection
	GlobalSection(ProjectConfigurationPlatforms) = postSolution
		{39307F83-0E93-47B6-A846-EAFBFB66AC4B}.Debug|Any CPU.ActiveCfg = Debug|Any CPU
		{39307F83-0E93-47B6-A846-EAFBFB66AC4B}.Debug|Any CPU.Build.0 = Debug|Any CPU
		{39307F83-0E93-47B6-A846-EAFBFB66AC4B}.Release|Any CPU.ActiveCfg = Release|Any CPU
		{39307F83-0E93-47B6-A846-EAFBFB66AC4B}.Release|Any CPU.Build.0 = Release|Any CPU
		{A1792B69-7AC1-4B83-AB6C-3DAD4FC69C90}.Debug|Any CPU.ActiveCfg = Debug|Any CPU
		{A1792B69-7AC1-4B83-AB6C-3DAD4FC69C90}.Debug|Any CPU.Build.0 = Debug|Any CPU
		{A1792B69-7AC1-4B83-AB6C-3DAD4FC69C90}.Release|Any CPU.ActiveCfg = Release|Any CPU
		{A1792B69-7AC1-4B83-AB6C-3DAD4FC69C90}.Release|Any CPU.Build.0 = Release|Any CPU
	EndGlobalSection
	GlobalSection(SolutionProperties) = preSolution
		HideSolutionNode = FALSE
	EndGlobalSection
	GlobalSection(ExtensibilityGlobals) = postSolution
		SolutionGuid = {76047181-396A-422D-8694-4231C18CB08B}
	EndGlobalSection
EndGlobal
